
Microsoft Visual Studio Solution File, Format Version 12.00
# Visual Studio Version 17
VisualStudioVersion = 17.0.31903.59
MinimumVisualStudioVersion = 10.0.40219.1
Project("{FAE04EC0-301F-11D3-BF4B-00C04F79EFBC}") = "HaloChat.Api", "HaloChat.Api\HaloChat.Api.csproj", "{2C6578F8-314A-48BB-8A5F-18303B237BAF}"
EndProject
Project("{FAE04EC0-301F-11D3-BF4B-00C04F79EFBC}") = "HaloChat.Security", "HaloChat.Security\HaloChat.Security.csproj", "{87B10C5E-3D00-491E-B666-5FA26125B27D}"
EndProject
Project("{FAE04EC0-301F-11D3-BF4B-00C04F79EFBC}") = "HaloChat.Api.Tests", "HaloChat.Api.Tests\HaloChat.Api.Tests.csproj", "{A2A26D3D-E6AB-4550-84ED-1FCA39184C01}"
EndProject
Global
	GlobalSection(SolutionConfigurationPlatforms) = preSolution
		Debug|Any CPU = Debug|Any CPU
		Debug|x64 = Debug|x64
		Debug|x86 = Debug|x86
		Release|Any CPU = Release|Any CPU
		Release|x64 = Release|x64
		Release|x86 = Release|x86
	EndGlobalSection
	GlobalSection(ProjectConfigurationPlatforms) = postSolution
		{2C6578F8-314A-48BB-8A5F-18303B237BAF}.Debug|Any CPU.ActiveCfg = Debug|Any CPU
		{2C6578F8-314A-48BB-8A5F-18303B237BAF}.Debug|Any CPU.Build.0 = Debug|Any CPU
		{2C6578F8-314A-48BB-8A5F-18303B237BAF}.Debug|x64.ActiveCfg = Debug|Any CPU
		{2C6578F8-314A-48BB-8A5F-18303B237BAF}.Debug|x64.Build.0 = Debug|Any CPU
		{2C6578F8-314A-48BB-8A5F-18303B237BAF}.Debug|x86.ActiveCfg = Debug|Any CPU
		{2C6578F8-314A-48BB-8A5F-18303B237BAF}.Debug|x86.Build.0 = Debug|Any CPU
		{2C6578F8-314A-48BB-8A5F-18303B237BAF}.Release|Any CPU.ActiveCfg = Release|Any CPU
		{2C6578F8-314A-48BB-8A5F-18303B237BAF}.Release|Any CPU.Build.0 = Release|Any CPU
		{2C6578F8-314A-48BB-8A5F-18303B237BAF}.Release|x64.ActiveCfg = Release|Any CPU
		{2C6578F8-314A-48BB-8A5F-18303B237BAF}.Release|x64.Build.0 = Release|Any CPU
		{2C6578F8-314A-48BB-8A5F-18303B237BAF}.Release|x86.ActiveCfg = Release|Any CPU
		{2C6578F8-314A-48BB-8A5F-18303B237BAF}.Release|x86.Build.0 = Release|Any CPU
		{87B10C5E-3D00-491E-B666-5FA26125B27D}.Debug|Any CPU.ActiveCfg = Debug|Any CPU
		{87B10C5E-3D00-491E-B666-5FA26125B27D}.Debug|Any CPU.Build.0 = Debug|Any CPU
		{87B10C5E-3D00-491E-B666-5FA26125B27D}.Debug|x64.ActiveCfg = Debug|Any CPU
		{87B10C5E-3D00-491E-B666-5FA26125B27D}.Debug|x64.Build.0 = Debug|Any CPU
		{87B10C5E-3D00-491E-B666-5FA26125B27D}.Debug|x86.ActiveCfg = Debug|Any CPU
		{87B10C5E-3D00-491E-B666-5FA26125B27D}.Debug|x86.Build.0 = Debug|Any CPU
		{87B10C5E-3D00-491E-B666-5FA26125B27D}.Release|Any CPU.ActiveCfg = Release|Any CPU
		{87B10C5E-3D00-491E-B666-5FA26125B27D}.Release|Any CPU.Build.0 = Release|Any CPU
		{87B10C5E-3D00-491E-B666-5FA26125B27D}.Release|x64.ActiveCfg = Release|Any CPU
		{87B10C5E-3D00-491E-B666-5FA26125B27D}.Release|x64.Build.0 = Release|Any CPU
		{87B10C5E-3D00-491E-B666-5FA26125B27D}.Release|x86.ActiveCfg = Release|Any CPU
		{87B10C5E-3D00-491E-B666-5FA26125B27D}.Release|x86.Build.0 = Release|Any CPU
		{A2A26D3D-E6AB-4550-84ED-1FCA39184C01}.Debug|Any CPU.ActiveCfg = Debug|Any CPU
		{A2A26D3D-E6AB-4550-84ED-1FCA39184C01}.Debug|Any CPU.Build.0 = Debug|Any CPU
		{A2A26D3D-E6AB-4550-84ED-1FCA39184C01}.Debug|x64.ActiveCfg = Debug|Any CPU
		{A2A26D3D-E6AB-4550-84ED-1FCA39184C01}.Debug|x64.Build.0 = Debug|Any CPU
		{A2A26D3D-E6AB-4550-84ED-1FCA39184C01}.Debug|x86.ActiveCfg = Debug|Any CPU
		{A2A26D3D-E6AB-4550-84ED-1FCA39184C01}.Debug|x86.Build.0 = Debug|Any CPU
		{A2A26D3D-E6AB-4550-84ED-1FCA39184C01}.Release|Any CPU.ActiveCfg = Release|Any CPU
		{A2A26D3D-E6AB-4550-84ED-1FCA39184C01}.Release|Any CPU.Build.0 = Release|Any CPU
		{A2A26D3D-E6AB-4550-84ED-1FCA39184C01}.Release|x64.ActiveCfg = Release|Any CPU
		{A2A26D3D-E6AB-4550-84ED-1FCA39184C01}.Release|x64.Build.0 = Release|Any CPU
		{A2A26D3D-E6AB-4550-84ED-1FCA39184C01}.Release|x86.ActiveCfg = Release|Any CPU
		{A2A26D3D-E6AB-4550-84ED-1FCA39184C01}.Release|x86.Build.0 = Release|Any CPU
	EndGlobalSection
	GlobalSection(SolutionProperties) = preSolution
		HideSolutionNode = FALSE
	EndGlobalSection
EndGlobal
